
Microsoft Visual Studio Solution File, Format Version 12.00
# Visual Studio Version 16
VisualStudioVersion = 16.0.31129.286
MinimumVisualStudioVersion = 10.0.40219.1
Project("{9A19103F-16F7-4668-BE54-9A1E7A4F7556}") = "PlatformService", "PlatformService.csproj", "{592DB891-0593-4AF0-841B-3400147E1B47}"
EndProject
Global
	GlobalSection(SolutionConfigurationPlatforms) = preSolution
		Debug|Any CPU = Debug|Any CPU
		Release|Any CPU = Release|Any CPU
	EndGlobalSection
	GlobalSection(ProjectConfigurationPlatforms) = postSolution
		{592DB891-0593-4AF0-841B-3400147E1B47}.Debug|Any CPU.ActiveCfg = Debug|Any CPU
		{592DB891-0593-4AF0-841B-3400147E1B47}.Debug|Any CPU.Build.0 = Debug|Any CPU
		{592DB891-0593-4AF0-841B-3400147E1B47}.Release|Any CPU.ActiveCfg = Release|Any CPU
		{592DB891-0593-4AF0-841B-3400147E1B47}.Release|Any CPU.Build.0 = Release|Any CPU
	EndGlobalSection
	GlobalSection(SolutionProperties) = preSolution
		HideSolutionNode = FALSE
	EndGlobalSection
	GlobalSection(ExtensibilityGlobals) = postSolution
		SolutionGuid = {5EFB34F3-1B4B-4253-81E2-823BB569A243}
	EndGlobalSection
EndGlobal
